
Microsoft Visual Studio Solution File, Format Version 12.00
# Visual Studio Version 16
VisualStudioVersion = 16.0.29102.190
MinimumVisualStudioVersion = 10.0.40219.1
Project("{9A19103F-16F7-4668-BE54-9A1E7A4F7556}") = "TrainingHarder", "TrainingHarder\TrainingHarder.csproj", "{60D03F91-6D26-40BE-AECE-6EE29A4971B9}"
EndProject
Project("{9A19103F-16F7-4668-BE54-9A1E7A4F7556}") = "Fibonacci", "Fibonacci\Fibonacci.csproj", "{EDD10B57-7505-4AC2-AEA3-FA4DC69D6544}"
EndProject
Project("{9A19103F-16F7-4668-BE54-9A1E7A4F7556}") = "Prime", "Prime\Prime.csproj", "{8E00F1DD-19DA-47E0-BA2F-5E5764FE8377}"
EndProject
Project("{9A19103F-16F7-4668-BE54-9A1E7A4F7556}") = "Palindrome", "Palindrome\Palindrome.csproj", "{C94D1892-E1F6-431A-81C7-49E40DAE0D48}"
EndProject
Project("{9A19103F-16F7-4668-BE54-9A1E7A4F7556}") = "Factorial", "Factorial\Factorial.csproj", "{2DD27BB9-154A-41EF-A27D-A99DDE6760CC}"
EndProject
Project("{9A19103F-16F7-4668-BE54-9A1E7A4F7556}") = "Armstrong", "Armstrong\Armstrong.csproj", "{E2F444AB-DCBC-4436-98FE-59C3891F1917}"
EndProject
Project("{9A19103F-16F7-4668-BE54-9A1E7A4F7556}") = "Sum", "Reverse\Sum.csproj", "{642E9DE0-BA97-49E5-AD27-4816ED51F1DB}"
EndProject
Project("{9A19103F-16F7-4668-BE54-9A1E7A4F7556}") = "ReverseNumber", "ReverseNumber\ReverseNumber.csproj", "{B1FADF0F-0F97-4903-AEF1-653A0FE3CF81}"
EndProject
Project("{9A19103F-16F7-4668-BE54-9A1E7A4F7556}") = "Swap", "Swap\Swap.csproj", "{0353CCA5-BD50-43BD-B2DF-3B84C6DBBA54}"
EndProject
Project("{9A19103F-16F7-4668-BE54-9A1E7A4F7556}") = "DecimaltoBinary", "DecimaltoBinary\DecimaltoBinary.csproj", "{2555712F-000F-4660-BCEF-3864A5BC3485}"
EndProject
Project("{9A19103F-16F7-4668-BE54-9A1E7A4F7556}") = "CharacterConverter", "CharacterConverter\CharacterConverter.csproj", "{38C04B27-037A-4EA5-84C1-CDCCA66CD957}"
EndProject
Project("{9A19103F-16F7-4668-BE54-9A1E7A4F7556}") = "AlphabetTriangle", "AlphabetTriangle\AlphabetTriangle.csproj", "{3BAA50D1-265C-4069-8A68-387E6DE84CB9}"
EndProject
Project("{9A19103F-16F7-4668-BE54-9A1E7A4F7556}") = "Numbertriagle", "Numbertriagle\Numbertriagle.csproj", "{1E474265-BFAE-4A0C-B216-B5BF32455B4D}"
EndProject
Project("{9A19103F-16F7-4668-BE54-9A1E7A4F7556}") = "FibonacciTriangle", "FibonacciTriangle\FibonacciTriangle.csproj", "{374B052F-CC94-4438-A23E-D027EC103163}"
EndProject
Project("{9A19103F-16F7-4668-BE54-9A1E7A4F7556}") = "GroupingData", "GroupingData\GroupingData.csproj", "{6FECB3D6-04AB-4DB7-B214-619B4FE75329}"
EndProject
Project("{9A19103F-16F7-4668-BE54-9A1E7A4F7556}") = "IEnumerablExample", "IEnumerablExample\IEnumerablExample.csproj", "{93BFC73C-9586-475F-B680-494F470B6940}"
EndProject
Project("{9A19103F-16F7-4668-BE54-9A1E7A4F7556}") = "Name", "Name\Name.csproj", "{276EA9DE-153D-46B1-B169-3D02ED84C78D}"
EndProject
Project("{9A19103F-16F7-4668-BE54-9A1E7A4F7556}") = "Dividing", "Dividing\Dividing.csproj", "{EEE90AF3-857D-4FB1-B79D-D70BBAC09E7C}"
EndProject
Project("{9A19103F-16F7-4668-BE54-9A1E7A4F7556}") = "Average", "Average\Average.csproj", "{509813F6-02AB-4B96-8126-1FF16B0AEA41}"
EndProject
Project("{9A19103F-16F7-4668-BE54-9A1E7A4F7556}") = "10", "10\10.csproj", "{148BB006-7FCE-4E37-8C3C-3B8B050FC9D7}"
EndProject
Project("{9A19103F-16F7-4668-BE54-9A1E7A4F7556}") = "11", "11\11.csproj", "{B015C8A1-0A2D-4BA9-92A6-4670E8B26DBC}"
EndProject
Project("{9A19103F-16F7-4668-BE54-9A1E7A4F7556}") = "12", "12\12.csproj", "{95CEAD32-DE93-4D31-AEC9-05DC4B655189}"
EndProject
Project("{9A19103F-16F7-4668-BE54-9A1E7A4F7556}") = "Exercise13", "Exercise13\Exercise13.csproj", "{30E7110A-99CE-43DD-8445-460CA916B8C1}"
EndProject
Project("{9A19103F-16F7-4668-BE54-9A1E7A4F7556}") = "Exercise14", "Exercise14\Exercise14.csproj", "{7BDA4004-1225-4B45-9615-4AADA5DA57BC}"
EndProject
Project("{9A19103F-16F7-4668-BE54-9A1E7A4F7556}") = "Exercise15", "Exercise15\Exercise15.csproj", "{AE8F5BEE-A541-41F9-99AD-CD1262E34232}"
EndProject
Project("{9A19103F-16F7-4668-BE54-9A1E7A4F7556}") = "Exercise16", "Exercise16\Exercise16.csproj", "{92223912-8D2F-466D-B65E-F2066E970400}"
EndProject
Project("{9A19103F-16F7-4668-BE54-9A1E7A4F7556}") = "Exercise17", "Exercise17\Exercise17.csproj", "{589F3AC1-331B-4167-8D0B-843C5E6139BA}"
EndProject
Project("{9A19103F-16F7-4668-BE54-9A1E7A4F7556}") = "Exercise18", "Exercise18\Exercise18.csproj", "{23316D8F-6769-43DC-B115-FB2E1BCC3623}"
EndProject
Project("{9A19103F-16F7-4668-BE54-9A1E7A4F7556}") = "Exercise19", "Exercise19\Exercise19.csproj", "{6E740C99-3E6B-417B-89F2-DC76B9942FF4}"
EndProject
Project("{9A19103F-16F7-4668-BE54-9A1E7A4F7556}") = "Exercise20", "Exercise20\Exercise20.csproj", "{AFF7A858-58CF-46B0-B304-EDC3F185B5F8}"
EndProject
Project("{9A19103F-16F7-4668-BE54-9A1E7A4F7556}") = "Inter", "Inter\Inter.csproj", "{00D6E76D-9BFA-4C1A-A4B2-FD98F07BB10F}"
EndProject
Project("{9A19103F-16F7-4668-BE54-9A1E7A4F7556}") = "Exercise21", "Exercise21\Exercise21.csproj", "{3CE53C80-DDAA-45F2-A370-7D6CF82678E3}"
EndProject
Project("{9A19103F-16F7-4668-BE54-9A1E7A4F7556}") = "Exercise22", "Exercise22\Exercise22.csproj", "{0DCBD5C8-35AC-416C-8CE5-5D2753E1B4A0}"
EndProject
Project("{9A19103F-16F7-4668-BE54-9A1E7A4F7556}") = "Exercise 23", "Exercise 23\Exercise 23.csproj", "{EB2A660F-7302-4010-AF07-7640CD67DAA7}"
EndProject
Project("{9A19103F-16F7-4668-BE54-9A1E7A4F7556}") = "Exercise24", "Exercise24\Exercise24.csproj", "{F1C3E22E-8A42-44BA-8085-8A8E68544D74}"
EndProject
Project("{9A19103F-16F7-4668-BE54-9A1E7A4F7556}") = "Exercise25", "Exercise25\Exercise25.csproj", "{364DD87B-2DF8-4657-A25B-C9230688B7C1}"
EndProject
Project("{9A19103F-16F7-4668-BE54-9A1E7A4F7556}") = "Exercise26", "Exercise26\Exercise26.csproj", "{85DA132B-F61E-4F5E-A699-9A9A58F7F2DE}"
EndProject
Project("{9A19103F-16F7-4668-BE54-9A1E7A4F7556}") = "Exercise27", "Exercise27\Exercise27.csproj", "{75E0616D-9BF2-4EE3-BB23-58F28992D8D3}"
EndProject
Project("{9A19103F-16F7-4668-BE54-9A1E7A4F7556}") = "Exercise28", "Exercise28\Exercise28.csproj", "{D6E873DC-B47A-42B4-BC40-BB7BFF5137EE}"
EndProject
Project("{9A19103F-16F7-4668-BE54-9A1E7A4F7556}") = "Exercise29", "Exercise29\Exercise29.csproj", "{824FC6F2-5502-4F97-B095-631674A1B035}"
EndProject
Project("{9A19103F-16F7-4668-BE54-9A1E7A4F7556}") = "Exercise30", "Exercise30\Exercise30.csproj", "{651902E7-A751-4CF9-9935-03F0B22FE56A}"
EndProject
Project("{9A19103F-16F7-4668-BE54-9A1E7A4F7556}") = "Exercise31", "Exercise31\Exercise31.csproj", "{5F811FCC-78BF-456F-B1CB-CA4B5DBDE5E8}"
EndProject
Project("{9A19103F-16F7-4668-BE54-9A1E7A4F7556}") = "Exercise32", "Exercise32\Exercise32.csproj", "{C1838722-DE0F-4D5D-8606-2B4F87760563}"
EndProject
Project("{2150E333-8FDC-42A3-9474-1A3956D46DE8}") = "One", "One", "{77CD8DC9-7D97-460E-B871-FF9253C51187}"
EndProject
Project("{2150E333-8FDC-42A3-9474-1A3956D46DE8}") = "Beggining", "Beggining", "{79F68413-3540-4D51-9206-8646A08E74BE}"
EndProject
Project("{2150E333-8FDC-42A3-9474-1A3956D46DE8}") = "Other", "Other", "{C7CD0869-2307-4A0B-8AC8-46BFE0173390}"
EndProject
Project("{9A19103F-16F7-4668-BE54-9A1E7A4F7556}") = "Newreverse", "Newreverse\Newreverse.csproj", "{280BC03C-0A67-4AB4-AD26-23950F815E84}"
EndProject
Project("{9A19103F-16F7-4668-BE54-9A1E7A4F7556}") = "EvenorOdd", "EvenorOdd\EvenorOdd.csproj", "{050931E8-009A-4457-BCE1-55501DD61F05}"
EndProject
Project("{9A19103F-16F7-4668-BE54-9A1E7A4F7556}") = "SwapAgain", "SwapAgain\SwapAgain.csproj", "{2245E11F-4B38-4C9B-AD66-19046C875BA3}"
EndProject
Project("{9A19103F-16F7-4668-BE54-9A1E7A4F7556}") = "NewSum", "NewSum\NewSum.csproj", "{BB90CC6A-EBBE-4D2A-808F-5A7BB4EBEB4B}"
EndProject
Project("{9A19103F-16F7-4668-BE54-9A1E7A4F7556}") = "SumReverse", "SumReverse\SumReverse.csproj", "{98171F3F-5DA3-43CA-9E78-1EF1D60DB653}"
EndProject
Project("{9A19103F-16F7-4668-BE54-9A1E7A4F7556}") = "TrigonometryAngle", "TrigonometryAngle\TrigonometryAngle.csproj", "{45D02124-4CD8-4DA9-9BC1-759B7E9EA3A5}"
EndProject
Project("{9A19103F-16F7-4668-BE54-9A1E7A4F7556}") = "TrigonometryDegress", "TrigonometryDegress\TrigonometryDegress.csproj", "{3FB56610-0E64-4D6F-9608-948C91B93BA3}"
EndProject
Project("{9A19103F-16F7-4668-BE54-9A1E7A4F7556}") = "SearchFunction", "SearchFunction\SearchFunction.csproj", "{FFC3ED4A-E1EB-4B67-91D4-A46725DD97F2}"
EndProject
Project("{9A19103F-16F7-4668-BE54-9A1E7A4F7556}") = "CompareDates", "CompareDates\CompareDates.csproj", "{8414C2A6-6D2B-465A-AF97-6F542C69266C}"
EndProject
Project("{9A19103F-16F7-4668-BE54-9A1E7A4F7556}") = "Operations", "Operations\Operations.csproj", "{BCA07C77-5FC3-4F52-ABFD-F5CBA1E5A6F8}"
EndProject
Project("{9A19103F-16F7-4668-BE54-9A1E7A4F7556}") = "BoxingOperations", "BoxingOperations\BoxingOperations.csproj", "{B6EDA4FA-B36C-49B3-8363-3471ACD11439}"
EndProject
Project("{9A19103F-16F7-4668-BE54-9A1E7A4F7556}") = "ChangeRows", "ChangeRows\ChangeRows.csproj", "{C82698F7-8704-4875-8DED-10B1C802FCE1}"
EndProject
Project("{9A19103F-16F7-4668-BE54-9A1E7A4F7556}") = "PrintingBinary", "PrintingBinary\PrintingBinary.csproj", "{DF0A3711-A2F4-469E-904B-1F879F333570}"
EndProject
Project("{9A19103F-16F7-4668-BE54-9A1E7A4F7556}") = "ProductRecursion", "ProductRecursion\ProductRecursion.csproj", "{BC831C6E-865F-489D-BF43-2420D567E3B2}"
EndProject
Project("{9A19103F-16F7-4668-BE54-9A1E7A4F7556}") = "BinarySum", "BinarySum\BinarySum.csproj", "{C0EF1537-C622-461C-87AE-0EB5EE2D410D}"
EndProject
Project("{9A19103F-16F7-4668-BE54-9A1E7A4F7556}") = "MultiplyBy", "MultiplyBy\MultiplyBy.csproj", "{66B112BB-DBEB-4724-99C6-AAE4A2ED697F}"
EndProject
Project("{9A19103F-16F7-4668-BE54-9A1E7A4F7556}") = "ATMTransaction", "ATMTransaction\ATMTransaction.csproj", "{A6A4EA27-F3C6-417B-858E-C51194309907}"
EndProject
Project("{9A19103F-16F7-4668-BE54-9A1E7A4F7556}") = "PowerExponent", "PowerExponent\PowerExponent.csproj", "{EEFAF6EE-7E18-4D83-8CEB-A72E7BDF624B}"
EndProject
Project("{9A19103F-16F7-4668-BE54-9A1E7A4F7556}") = "UsingLinq", "UsingLinq\UsingLinq.csproj", "{1F1620F1-EE36-46A5-8D8D-C2EB18020E59}"
EndProject
Project("{9A19103F-16F7-4668-BE54-9A1E7A4F7556}") = "FractionalPower", "FractionalPower\FractionalPower.csproj", "{782735FC-8C43-4FE8-98E1-3813A19BD59B}"
EndProject
Project("{9A19103F-16F7-4668-BE54-9A1E7A4F7556}") = "MethodHiding", "MethodHiding\MethodHiding.csproj", "{DA55DA42-2428-472C-A8B5-6D59CF72EA59}"
EndProject
Project("{9A19103F-16F7-4668-BE54-9A1E7A4F7556}") = "ArrayDelegates", "ArrayDelegates\ArrayDelegates.csproj", "{FD1F1EE2-AEBF-4B9A-B192-46507D7E45EE}"
EndProject
Project("{9A19103F-16F7-4668-BE54-9A1E7A4F7556}") = "MatricesEquality", "MatricesEquality\MatricesEquality.csproj", "{4A81CFAD-B3A2-4AC0-AAAB-A3DFB446FD5C}"
EndProject
Project("{9A19103F-16F7-4668-BE54-9A1E7A4F7556}") = "DistanceCalculator", "DistanceCalculator\DistanceCalculator.csproj", "{3C1FA1D7-EE5C-47AC-9321-FC57B5B4D87A}"
EndProject
Project("{9A19103F-16F7-4668-BE54-9A1E7A4F7556}") = "Infix", "Infix\Infix.csproj", "{BC86C43C-5647-45A1-9757-014F3A5B748B}"
EndProject
Project("{9A19103F-16F7-4668-BE54-9A1E7A4F7556}") = "BinaryTree", "BinaryTree\BinaryTree.csproj", "{B6EA04FA-4F73-4093-A179-250B1C06BBB9}"
EndProject
Project("{9A19103F-16F7-4668-BE54-9A1E7A4F7556}") = "LeftShift", "LeftShift\LeftShift.csproj", "{8F9E37FB-F730-44BD-B8B8-DA58A3828355}"
EndProject
Project("{9A19103F-16F7-4668-BE54-9A1E7A4F7556}") = "BinaryTriangle", "BinaryTriangle\BinaryTriangle.csproj", "{968CE208-9E3B-451E-B62E-37D622BDA137}"
EndProject
Project("{9A19103F-16F7-4668-BE54-9A1E7A4F7556}") = "ObsoleteClass", "ObsoleteClass\ObsoleteClass.csproj", "{932E1AE1-1CE6-410C-8DFF-D9EA132F3F5C}"
EndProject
Project("{9A19103F-16F7-4668-BE54-9A1E7A4F7556}") = "CountLines", "CountLines\CountLines.csproj", "{1BBB92D7-7142-4974-9C9F-C3AEF37FD52E}"
EndProject
Project("{2150E333-8FDC-42A3-9474-1A3956D46DE8}") = "School", "School", "{8FCF3048-182F-4EE5-A39D-CCCB462DE997}"
EndProject
Project("{FAE04EC0-301F-11D3-BF4B-00C04F79EFBC}") = "W01_FirstVisualStudio", "W01_FirstVisualStudio\W01_FirstVisualStudio.csproj", "{4BEE862E-E8A0-4A65-A9DD-5A92F940BBB1}"
EndProject
Project("{FAE04EC0-301F-11D3-BF4B-00C04F79EFBC}") = "Example21", "Example21\Example21.csproj", "{F93A5D92-FB9E-42B0-8A10-21D6D9C4E5ED}"
EndProject
Project("{FAE04EC0-301F-11D3-BF4B-00C04F79EFBC}") = "IllustrateMethods", "IllustrateMethods\IllustrateMethods.csproj", "{FD31B43B-EB7F-4DD5-91A5-A52483549CBA}"
EndProject
Global
	GlobalSection(SolutionConfigurationPlatforms) = preSolution
		Debug|Any CPU = Debug|Any CPU
		Release|Any CPU = Release|Any CPU
	EndGlobalSection
	GlobalSection(ProjectConfigurationPlatforms) = postSolution
		{60D03F91-6D26-40BE-AECE-6EE29A4971B9}.Debug|Any CPU.ActiveCfg = Debug|Any CPU
		{60D03F91-6D26-40BE-AECE-6EE29A4971B9}.Debug|Any CPU.Build.0 = Debug|Any CPU
		{60D03F91-6D26-40BE-AECE-6EE29A4971B9}.Release|Any CPU.ActiveCfg = Release|Any CPU
		{60D03F91-6D26-40BE-AECE-6EE29A4971B9}.Release|Any CPU.Build.0 = Release|Any CPU
		{EDD10B57-7505-4AC2-AEA3-FA4DC69D6544}.Debug|Any CPU.ActiveCfg = Debug|Any CPU
		{EDD10B57-7505-4AC2-AEA3-FA4DC69D6544}.Debug|Any CPU.Build.0 = Debug|Any CPU
		{EDD10B57-7505-4AC2-AEA3-FA4DC69D6544}.Release|Any CPU.ActiveCfg = Release|Any CPU
		{EDD10B57-7505-4AC2-AEA3-FA4DC69D6544}.Release|Any CPU.Build.0 = Release|Any CPU
		{8E00F1DD-19DA-47E0-BA2F-5E5764FE8377}.Debug|Any CPU.ActiveCfg = Debug|Any CPU
		{8E00F1DD-19DA-47E0-BA2F-5E5764FE8377}.Debug|Any CPU.Build.0 = Debug|Any CPU
		{8E00F1DD-19DA-47E0-BA2F-5E5764FE8377}.Release|Any CPU.ActiveCfg = Release|Any CPU
		{8E00F1DD-19DA-47E0-BA2F-5E5764FE8377}.Release|Any CPU.Build.0 = Release|Any CPU
		{C94D1892-E1F6-431A-81C7-49E40DAE0D48}.Debug|Any CPU.ActiveCfg = Debug|Any CPU
		{C94D1892-E1F6-431A-81C7-49E40DAE0D48}.Debug|Any CPU.Build.0 = Debug|Any CPU
		{C94D1892-E1F6-431A-81C7-49E40DAE0D48}.Release|Any CPU.ActiveCfg = Release|Any CPU
		{C94D1892-E1F6-431A-81C7-49E40DAE0D48}.Release|Any CPU.Build.0 = Release|Any CPU
		{2DD27BB9-154A-41EF-A27D-A99DDE6760CC}.Debug|Any CPU.ActiveCfg = Debug|Any CPU
		{2DD27BB9-154A-41EF-A27D-A99DDE6760CC}.Debug|Any CPU.Build.0 = Debug|Any CPU
		{2DD27BB9-154A-41EF-A27D-A99DDE6760CC}.Release|Any CPU.ActiveCfg = Release|Any CPU
		{2DD27BB9-154A-41EF-A27D-A99DDE6760CC}.Release|Any CPU.Build.0 = Release|Any CPU
		{E2F444AB-DCBC-4436-98FE-59C3891F1917}.Debug|Any CPU.ActiveCfg = Debug|Any CPU
		{E2F444AB-DCBC-4436-98FE-59C3891F1917}.Debug|Any CPU.Build.0 = Debug|Any CPU
		{E2F444AB-DCBC-4436-98FE-59C3891F1917}.Release|Any CPU.ActiveCfg = Release|Any CPU
		{E2F444AB-DCBC-4436-98FE-59C3891F1917}.Release|Any CPU.Build.0 = Release|Any CPU
		{642E9DE0-BA97-49E5-AD27-4816ED51F1DB}.Debug|Any CPU.ActiveCfg = Debug|Any CPU
		{642E9DE0-BA97-49E5-AD27-4816ED51F1DB}.Debug|Any CPU.Build.0 = Debug|Any CPU
		{642E9DE0-BA97-49E5-AD27-4816ED51F1DB}.Release|Any CPU.ActiveCfg = Release|Any CPU
		{642E9DE0-BA97-49E5-AD27-4816ED51F1DB}.Release|Any CPU.Build.0 = Release|Any CPU
		{B1FADF0F-0F97-4903-AEF1-653A0FE3CF81}.Debug|Any CPU.ActiveCfg = Debug|Any CPU
		{B1FADF0F-0F97-4903-AEF1-653A0FE3CF81}.Debug|Any CPU.Build.0 = Debug|Any CPU
		{B1FADF0F-0F97-4903-AEF1-653A0FE3CF81}.Release|Any CPU.ActiveCfg = Release|Any CPU
		{B1FADF0F-0F97-4903-AEF1-653A0FE3CF81}.Release|Any CPU.Build.0 = Release|Any CPU
		{0353CCA5-BD50-43BD-B2DF-3B84C6DBBA54}.Debug|Any CPU.ActiveCfg = Debug|Any CPU
		{0353CCA5-BD50-43BD-B2DF-3B84C6DBBA54}.Debug|Any CPU.Build.0 = Debug|Any CPU
		{0353CCA5-BD50-43BD-B2DF-3B84C6DBBA54}.Release|Any CPU.ActiveCfg = Release|Any CPU
		{0353CCA5-BD50-43BD-B2DF-3B84C6DBBA54}.Release|Any CPU.Build.0 = Release|Any CPU
		{2555712F-000F-4660-BCEF-3864A5BC3485}.Debug|Any CPU.ActiveCfg = Debug|Any CPU
		{2555712F-000F-4660-BCEF-3864A5BC3485}.Debug|Any CPU.Build.0 = Debug|Any CPU
		{2555712F-000F-4660-BCEF-3864A5BC3485}.Release|Any CPU.ActiveCfg = Release|Any CPU
		{2555712F-000F-4660-BCEF-3864A5BC3485}.Release|Any CPU.Build.0 = Release|Any CPU
		{38C04B27-037A-4EA5-84C1-CDCCA66CD957}.Debug|Any CPU.ActiveCfg = Debug|Any CPU
		{38C04B27-037A-4EA5-84C1-CDCCA66CD957}.Debug|Any CPU.Build.0 = Debug|Any CPU
		{38C04B27-037A-4EA5-84C1-CDCCA66CD957}.Release|Any CPU.ActiveCfg = Release|Any CPU
		{38C04B27-037A-4EA5-84C1-CDCCA66CD957}.Release|Any CPU.Build.0 = Release|Any CPU
		{3BAA50D1-265C-4069-8A68-387E6DE84CB9}.Debug|Any CPU.ActiveCfg = Debug|Any CPU
		{3BAA50D1-265C-4069-8A68-387E6DE84CB9}.Debug|Any CPU.Build.0 = Debug|Any CPU
		{3BAA50D1-265C-4069-8A68-387E6DE84CB9}.Release|Any CPU.ActiveCfg = Release|Any CPU
		{3BAA50D1-265C-4069-8A68-387E6DE84CB9}.Release|Any CPU.Build.0 = Release|Any CPU
		{1E474265-BFAE-4A0C-B216-B5BF32455B4D}.Debug|Any CPU.ActiveCfg = Debug|Any CPU
		{1E474265-BFAE-4A0C-B216-B5BF32455B4D}.Debug|Any CPU.Build.0 = Debug|Any CPU
		{1E474265-BFAE-4A0C-B216-B5BF32455B4D}.Release|Any CPU.ActiveCfg = Release|Any CPU
		{1E474265-BFAE-4A0C-B216-B5BF32455B4D}.Release|Any CPU.Build.0 = Release|Any CPU
		{374B052F-CC94-4438-A23E-D027EC103163}.Debug|Any CPU.ActiveCfg = Debug|Any CPU
		{374B052F-CC94-4438-A23E-D027EC103163}.Debug|Any CPU.Build.0 = Debug|Any CPU
		{374B052F-CC94-4438-A23E-D027EC103163}.Release|Any CPU.ActiveCfg = Release|Any CPU
		{374B052F-CC94-4438-A23E-D027EC103163}.Release|Any CPU.Build.0 = Release|Any CPU
		{6FECB3D6-04AB-4DB7-B214-619B4FE75329}.Debug|Any CPU.ActiveCfg = Debug|Any CPU
		{6FECB3D6-04AB-4DB7-B214-619B4FE75329}.Debug|Any CPU.Build.0 = Debug|Any CPU
		{6FECB3D6-04AB-4DB7-B214-619B4FE75329}.Release|Any CPU.ActiveCfg = Release|Any CPU
		{6FECB3D6-04AB-4DB7-B214-619B4FE75329}.Release|Any CPU.Build.0 = Release|Any CPU
		{93BFC73C-9586-475F-B680-494F470B6940}.Debug|Any CPU.ActiveCfg = Debug|Any CPU
		{93BFC73C-9586-475F-B680-494F470B6940}.Debug|Any CPU.Build.0 = Debug|Any CPU
		{93BFC73C-9586-475F-B680-494F470B6940}.Release|Any CPU.ActiveCfg = Release|Any CPU
		{93BFC73C-9586-475F-B680-494F470B6940}.Release|Any CPU.Build.0 = Release|Any CPU
		{276EA9DE-153D-46B1-B169-3D02ED84C78D}.Debug|Any CPU.ActiveCfg = Debug|Any CPU
		{276EA9DE-153D-46B1-B169-3D02ED84C78D}.Debug|Any CPU.Build.0 = Debug|Any CPU
		{276EA9DE-153D-46B1-B169-3D02ED84C78D}.Release|Any CPU.ActiveCfg = Release|Any CPU
		{276EA9DE-153D-46B1-B169-3D02ED84C78D}.Release|Any CPU.Build.0 = Release|Any CPU
		{EEE90AF3-857D-4FB1-B79D-D70BBAC09E7C}.Debug|Any CPU.ActiveCfg = Debug|Any CPU
		{EEE90AF3-857D-4FB1-B79D-D70BBAC09E7C}.Debug|Any CPU.Build.0 = Debug|Any CPU
		{EEE90AF3-857D-4FB1-B79D-D70BBAC09E7C}.Release|Any CPU.ActiveCfg = Release|Any CPU
		{EEE90AF3-857D-4FB1-B79D-D70BBAC09E7C}.Release|Any CPU.Build.0 = Release|Any CPU
		{509813F6-02AB-4B96-8126-1FF16B0AEA41}.Debug|Any CPU.ActiveCfg = Debug|Any CPU
		{509813F6-02AB-4B96-8126-1FF16B0AEA41}.Debug|Any CPU.Build.0 = Debug|Any CPU
		{509813F6-02AB-4B96-8126-1FF16B0AEA41}.Release|Any CPU.ActiveCfg = Release|Any CPU
		{509813F6-02AB-4B96-8126-1FF16B0AEA41}.Release|Any CPU.Build.0 = Release|Any CPU
		{148BB006-7FCE-4E37-8C3C-3B8B050FC9D7}.Debug|Any CPU.ActiveCfg = Debug|Any CPU
		{148BB006-7FCE-4E37-8C3C-3B8B050FC9D7}.Debug|Any CPU.Build.0 = Debug|Any CPU
		{148BB006-7FCE-4E37-8C3C-3B8B050FC9D7}.Release|Any CPU.ActiveCfg = Release|Any CPU
		{148BB006-7FCE-4E37-8C3C-3B8B050FC9D7}.Release|Any CPU.Build.0 = Release|Any CPU
		{B015C8A1-0A2D-4BA9-92A6-4670E8B26DBC}.Debug|Any CPU.ActiveCfg = Debug|Any CPU
		{B015C8A1-0A2D-4BA9-92A6-4670E8B26DBC}.Debug|Any CPU.Build.0 = Debug|Any CPU
		{B015C8A1-0A2D-4BA9-92A6-4670E8B26DBC}.Release|Any CPU.ActiveCfg = Release|Any CPU
		{B015C8A1-0A2D-4BA9-92A6-4670E8B26DBC}.Release|Any CPU.Build.0 = Release|Any CPU
		{95CEAD32-DE93-4D31-AEC9-05DC4B655189}.Debug|Any CPU.ActiveCfg = Debug|Any CPU
		{95CEAD32-DE93-4D31-AEC9-05DC4B655189}.Debug|Any CPU.Build.0 = Debug|Any CPU
		{95CEAD32-DE93-4D31-AEC9-05DC4B655189}.Release|Any CPU.ActiveCfg = Release|Any CPU
		{95CEAD32-DE93-4D31-AEC9-05DC4B655189}.Release|Any CPU.Build.0 = Release|Any CPU
		{30E7110A-99CE-43DD-8445-460CA916B8C1}.Debug|Any CPU.ActiveCfg = Debug|Any CPU
		{30E7110A-99CE-43DD-8445-460CA916B8C1}.Debug|Any CPU.Build.0 = Debug|Any CPU
		{30E7110A-99CE-43DD-8445-460CA916B8C1}.Release|Any CPU.ActiveCfg = Release|Any CPU
		{30E7110A-99CE-43DD-8445-460CA916B8C1}.Release|Any CPU.Build.0 = Release|Any CPU
		{7BDA4004-1225-4B45-9615-4AADA5DA57BC}.Debug|Any CPU.ActiveCfg = Debug|Any CPU
		{7BDA4004-1225-4B45-9615-4AADA5DA57BC}.Debug|Any CPU.Build.0 = Debug|Any CPU
		{7BDA4004-1225-4B45-9615-4AADA5DA57BC}.Release|Any CPU.ActiveCfg = Release|Any CPU
		{7BDA4004-1225-4B45-9615-4AADA5DA57BC}.Release|Any CPU.Build.0 = Release|Any CPU
		{AE8F5BEE-A541-41F9-99AD-CD1262E34232}.Debug|Any CPU.ActiveCfg = Debug|Any CPU
		{AE8F5BEE-A541-41F9-99AD-CD1262E34232}.Debug|Any CPU.Build.0 = Debug|Any CPU
		{AE8F5BEE-A541-41F9-99AD-CD1262E34232}.Release|Any CPU.ActiveCfg = Release|Any CPU
		{AE8F5BEE-A541-41F9-99AD-CD1262E34232}.Release|Any CPU.Build.0 = Release|Any CPU
		{92223912-8D2F-466D-B65E-F2066E970400}.Debug|Any CPU.ActiveCfg = Debug|Any CPU
		{92223912-8D2F-466D-B65E-F2066E970400}.Debug|Any CPU.Build.0 = Debug|Any CPU
		{92223912-8D2F-466D-B65E-F2066E970400}.Release|Any CPU.ActiveCfg = Release|Any CPU
		{92223912-8D2F-466D-B65E-F2066E970400}.Release|Any CPU.Build.0 = Release|Any CPU
		{589F3AC1-331B-4167-8D0B-843C5E6139BA}.Debug|Any CPU.ActiveCfg = Debug|Any CPU
		{589F3AC1-331B-4167-8D0B-843C5E6139BA}.Debug|Any CPU.Build.0 = Debug|Any CPU
		{589F3AC1-331B-4167-8D0B-843C5E6139BA}.Release|Any CPU.ActiveCfg = Release|Any CPU
		{589F3AC1-331B-4167-8D0B-843C5E6139BA}.Release|Any CPU.Build.0 = Release|Any CPU
		{23316D8F-6769-43DC-B115-FB2E1BCC3623}.Debug|Any CPU.ActiveCfg = Debug|Any CPU
		{23316D8F-6769-43DC-B115-FB2E1BCC3623}.Debug|Any CPU.Build.0 = Debug|Any CPU
		{23316D8F-6769-43DC-B115-FB2E1BCC3623}.Release|Any CPU.ActiveCfg = Release|Any CPU
		{23316D8F-6769-43DC-B115-FB2E1BCC3623}.Release|Any CPU.Build.0 = Release|Any CPU
		{6E740C99-3E6B-417B-89F2-DC76B9942FF4}.Debug|Any CPU.ActiveCfg = Debug|Any CPU
		{6E740C99-3E6B-417B-89F2-DC76B9942FF4}.Debug|Any CPU.Build.0 = Debug|Any CPU
		{6E740C99-3E6B-417B-89F2-DC76B9942FF4}.Release|Any CPU.ActiveCfg = Release|Any CPU
		{6E740C99-3E6B-417B-89F2-DC76B9942FF4}.Release|Any CPU.Build.0 = Release|Any CPU
		{AFF7A858-58CF-46B0-B304-EDC3F185B5F8}.Debug|Any CPU.ActiveCfg = Debug|Any CPU
		{AFF7A858-58CF-46B0-B304-EDC3F185B5F8}.Debug|Any CPU.Build.0 = Debug|Any CPU
		{AFF7A858-58CF-46B0-B304-EDC3F185B5F8}.Release|Any CPU.ActiveCfg = Release|Any CPU
		{AFF7A858-58CF-46B0-B304-EDC3F185B5F8}.Release|Any CPU.Build.0 = Release|Any CPU
		{00D6E76D-9BFA-4C1A-A4B2-FD98F07BB10F}.Debug|Any CPU.ActiveCfg = Debug|Any CPU
		{00D6E76D-9BFA-4C1A-A4B2-FD98F07BB10F}.Debug|Any CPU.Build.0 = Debug|Any CPU
		{00D6E76D-9BFA-4C1A-A4B2-FD98F07BB10F}.Release|Any CPU.ActiveCfg = Release|Any CPU
		{00D6E76D-9BFA-4C1A-A4B2-FD98F07BB10F}.Release|Any CPU.Build.0 = Release|Any CPU
		{3CE53C80-DDAA-45F2-A370-7D6CF82678E3}.Debug|Any CPU.ActiveCfg = Debug|Any CPU
		{3CE53C80-DDAA-45F2-A370-7D6CF82678E3}.Debug|Any CPU.Build.0 = Debug|Any CPU
		{3CE53C80-DDAA-45F2-A370-7D6CF82678E3}.Release|Any CPU.ActiveCfg = Release|Any CPU
		{3CE53C80-DDAA-45F2-A370-7D6CF82678E3}.Release|Any CPU.Build.0 = Release|Any CPU
		{0DCBD5C8-35AC-416C-8CE5-5D2753E1B4A0}.Debug|Any CPU.ActiveCfg = Debug|Any CPU
		{0DCBD5C8-35AC-416C-8CE5-5D2753E1B4A0}.Debug|Any CPU.Build.0 = Debug|Any CPU
		{0DCBD5C8-35AC-416C-8CE5-5D2753E1B4A0}.Release|Any CPU.ActiveCfg = Release|Any CPU
		{0DCBD5C8-35AC-416C-8CE5-5D2753E1B4A0}.Release|Any CPU.Build.0 = Release|Any CPU
		{EB2A660F-7302-4010-AF07-7640CD67DAA7}.Debug|Any CPU.ActiveCfg = Debug|Any CPU
		{EB2A660F-7302-4010-AF07-7640CD67DAA7}.Debug|Any CPU.Build.0 = Debug|Any CPU
		{EB2A660F-7302-4010-AF07-7640CD67DAA7}.Release|Any CPU.ActiveCfg = Release|Any CPU
		{EB2A660F-7302-4010-AF07-7640CD67DAA7}.Release|Any CPU.Build.0 = Release|Any CPU
		{F1C3E22E-8A42-44BA-8085-8A8E68544D74}.Debug|Any CPU.ActiveCfg = Debug|Any CPU
		{F1C3E22E-8A42-44BA-8085-8A8E68544D74}.Debug|Any CPU.Build.0 = Debug|Any CPU
		{F1C3E22E-8A42-44BA-8085-8A8E68544D74}.Release|Any CPU.ActiveCfg = Release|Any CPU
		{F1C3E22E-8A42-44BA-8085-8A8E68544D74}.Release|Any CPU.Build.0 = Release|Any CPU
		{364DD87B-2DF8-4657-A25B-C9230688B7C1}.Debug|Any CPU.ActiveCfg = Debug|Any CPU
		{364DD87B-2DF8-4657-A25B-C9230688B7C1}.Debug|Any CPU.Build.0 = Debug|Any CPU
		{364DD87B-2DF8-4657-A25B-C9230688B7C1}.Release|Any CPU.ActiveCfg = Release|Any CPU
		{364DD87B-2DF8-4657-A25B-C9230688B7C1}.Release|Any CPU.Build.0 = Release|Any CPU
		{85DA132B-F61E-4F5E-A699-9A9A58F7F2DE}.Debug|Any CPU.ActiveCfg = Debug|Any CPU
		{85DA132B-F61E-4F5E-A699-9A9A58F7F2DE}.Debug|Any CPU.Build.0 = Debug|Any CPU
		{85DA132B-F61E-4F5E-A699-9A9A58F7F2DE}.Release|Any CPU.ActiveCfg = Release|Any CPU
		{85DA132B-F61E-4F5E-A699-9A9A58F7F2DE}.Release|Any CPU.Build.0 = Release|Any CPU
		{75E0616D-9BF2-4EE3-BB23-58F28992D8D3}.Debug|Any CPU.ActiveCfg = Debug|Any CPU
		{75E0616D-9BF2-4EE3-BB23-58F28992D8D3}.Debug|Any CPU.Build.0 = Debug|Any CPU
		{75E0616D-9BF2-4EE3-BB23-58F28992D8D3}.Release|Any CPU.ActiveCfg = Release|Any CPU
		{75E0616D-9BF2-4EE3-BB23-58F28992D8D3}.Release|Any CPU.Build.0 = Release|Any CPU
		{D6E873DC-B47A-42B4-BC40-BB7BFF5137EE}.Debug|Any CPU.ActiveCfg = Debug|Any CPU
		{D6E873DC-B47A-42B4-BC40-BB7BFF5137EE}.Debug|Any CPU.Build.0 = Debug|Any CPU
		{D6E873DC-B47A-42B4-BC40-BB7BFF5137EE}.Release|Any CPU.ActiveCfg = Release|Any CPU
		{D6E873DC-B47A-42B4-BC40-BB7BFF5137EE}.Release|Any CPU.Build.0 = Release|Any CPU
		{824FC6F2-5502-4F97-B095-631674A1B035}.Debug|Any CPU.ActiveCfg = Debug|Any CPU
		{824FC6F2-5502-4F97-B095-631674A1B035}.Debug|Any CPU.Build.0 = Debug|Any CPU
		{824FC6F2-5502-4F97-B095-631674A1B035}.Release|Any CPU.ActiveCfg = Release|Any CPU
		{824FC6F2-5502-4F97-B095-631674A1B035}.Release|Any CPU.Build.0 = Release|Any CPU
		{651902E7-A751-4CF9-9935-03F0B22FE56A}.Debug|Any CPU.ActiveCfg = Debug|Any CPU
		{651902E7-A751-4CF9-9935-03F0B22FE56A}.Debug|Any CPU.Build.0 = Debug|Any CPU
		{651902E7-A751-4CF9-9935-03F0B22FE56A}.Release|Any CPU.ActiveCfg = Release|Any CPU
		{651902E7-A751-4CF9-9935-03F0B22FE56A}.Release|Any CPU.Build.0 = Release|Any CPU
		{5F811FCC-78BF-456F-B1CB-CA4B5DBDE5E8}.Debug|Any CPU.ActiveCfg = Debug|Any CPU
		{5F811FCC-78BF-456F-B1CB-CA4B5DBDE5E8}.Debug|Any CPU.Build.0 = Debug|Any CPU
		{5F811FCC-78BF-456F-B1CB-CA4B5DBDE5E8}.Release|Any CPU.ActiveCfg = Release|Any CPU
		{5F811FCC-78BF-456F-B1CB-CA4B5DBDE5E8}.Release|Any CPU.Build.0 = Release|Any CPU
		{C1838722-DE0F-4D5D-8606-2B4F87760563}.Debug|Any CPU.ActiveCfg = Debug|Any CPU
		{C1838722-DE0F-4D5D-8606-2B4F87760563}.Debug|Any CPU.Build.0 = Debug|Any CPU
		{C1838722-DE0F-4D5D-8606-2B4F87760563}.Release|Any CPU.ActiveCfg = Release|Any CPU
		{C1838722-DE0F-4D5D-8606-2B4F87760563}.Release|Any CPU.Build.0 = Release|Any CPU
		{280BC03C-0A67-4AB4-AD26-23950F815E84}.Debug|Any CPU.ActiveCfg = Debug|Any CPU
		{280BC03C-0A67-4AB4-AD26-23950F815E84}.Debug|Any CPU.Build.0 = Debug|Any CPU
		{280BC03C-0A67-4AB4-AD26-23950F815E84}.Release|Any CPU.ActiveCfg = Release|Any CPU
		{280BC03C-0A67-4AB4-AD26-23950F815E84}.Release|Any CPU.Build.0 = Release|Any CPU
		{050931E8-009A-4457-BCE1-55501DD61F05}.Debug|Any CPU.ActiveCfg = Debug|Any CPU
		{050931E8-009A-4457-BCE1-55501DD61F05}.Debug|Any CPU.Build.0 = Debug|Any CPU
		{050931E8-009A-4457-BCE1-55501DD61F05}.Release|Any CPU.ActiveCfg = Release|Any CPU
		{050931E8-009A-4457-BCE1-55501DD61F05}.Release|Any CPU.Build.0 = Release|Any CPU
		{2245E11F-4B38-4C9B-AD66-19046C875BA3}.Debug|Any CPU.ActiveCfg = Debug|Any CPU
		{2245E11F-4B38-4C9B-AD66-19046C875BA3}.Debug|Any CPU.Build.0 = Debug|Any CPU
		{2245E11F-4B38-4C9B-AD66-19046C875BA3}.Release|Any CPU.ActiveCfg = Release|Any CPU
		{2245E11F-4B38-4C9B-AD66-19046C875BA3}.Release|Any CPU.Build.0 = Release|Any CPU
		{BB90CC6A-EBBE-4D2A-808F-5A7BB4EBEB4B}.Debug|Any CPU.ActiveCfg = Debug|Any CPU
		{BB90CC6A-EBBE-4D2A-808F-5A7BB4EBEB4B}.Debug|Any CPU.Build.0 = Debug|Any CPU
		{BB90CC6A-EBBE-4D2A-808F-5A7BB4EBEB4B}.Release|Any CPU.ActiveCfg = Release|Any CPU
		{BB90CC6A-EBBE-4D2A-808F-5A7BB4EBEB4B}.Release|Any CPU.Build.0 = Release|Any CPU
		{98171F3F-5DA3-43CA-9E78-1EF1D60DB653}.Debug|Any CPU.ActiveCfg = Debug|Any CPU
		{98171F3F-5DA3-43CA-9E78-1EF1D60DB653}.Debug|Any CPU.Build.0 = Debug|Any CPU
		{98171F3F-5DA3-43CA-9E78-1EF1D60DB653}.Release|Any CPU.ActiveCfg = Release|Any CPU
		{98171F3F-5DA3-43CA-9E78-1EF1D60DB653}.Release|Any CPU.Build.0 = Release|Any CPU
		{45D02124-4CD8-4DA9-9BC1-759B7E9EA3A5}.Debug|Any CPU.ActiveCfg = Debug|Any CPU
		{45D02124-4CD8-4DA9-9BC1-759B7E9EA3A5}.Debug|Any CPU.Build.0 = Debug|Any CPU
		{45D02124-4CD8-4DA9-9BC1-759B7E9EA3A5}.Release|Any CPU.ActiveCfg = Release|Any CPU
		{45D02124-4CD8-4DA9-9BC1-759B7E9EA3A5}.Release|Any CPU.Build.0 = Release|Any CPU
		{3FB56610-0E64-4D6F-9608-948C91B93BA3}.Debug|Any CPU.ActiveCfg = Debug|Any CPU
		{3FB56610-0E64-4D6F-9608-948C91B93BA3}.Debug|Any CPU.Build.0 = Debug|Any CPU
		{3FB56610-0E64-4D6F-9608-948C91B93BA3}.Release|Any CPU.ActiveCfg = Release|Any CPU
		{3FB56610-0E64-4D6F-9608-948C91B93BA3}.Release|Any CPU.Build.0 = Release|Any CPU
		{FFC3ED4A-E1EB-4B67-91D4-A46725DD97F2}.Debug|Any CPU.ActiveCfg = Debug|Any CPU
		{FFC3ED4A-E1EB-4B67-91D4-A46725DD97F2}.Debug|Any CPU.Build.0 = Debug|Any CPU
		{FFC3ED4A-E1EB-4B67-91D4-A46725DD97F2}.Release|Any CPU.ActiveCfg = Release|Any CPU
		{FFC3ED4A-E1EB-4B67-91D4-A46725DD97F2}.Release|Any CPU.Build.0 = Release|Any CPU
		{8414C2A6-6D2B-465A-AF97-6F542C69266C}.Debug|Any CPU.ActiveCfg = Debug|Any CPU
		{8414C2A6-6D2B-465A-AF97-6F542C69266C}.Debug|Any CPU.Build.0 = Debug|Any CPU
		{8414C2A6-6D2B-465A-AF97-6F542C69266C}.Release|Any CPU.ActiveCfg = Release|Any CPU
		{8414C2A6-6D2B-465A-AF97-6F542C69266C}.Release|Any CPU.Build.0 = Release|Any CPU
		{BCA07C77-5FC3-4F52-ABFD-F5CBA1E5A6F8}.Debug|Any CPU.ActiveCfg = Debug|Any CPU
		{BCA07C77-5FC3-4F52-ABFD-F5CBA1E5A6F8}.Debug|Any CPU.Build.0 = Debug|Any CPU
		{BCA07C77-5FC3-4F52-ABFD-F5CBA1E5A6F8}.Release|Any CPU.ActiveCfg = Release|Any CPU
		{BCA07C77-5FC3-4F52-ABFD-F5CBA1E5A6F8}.Release|Any CPU.Build.0 = Release|Any CPU
		{B6EDA4FA-B36C-49B3-8363-3471ACD11439}.Debug|Any CPU.ActiveCfg = Debug|Any CPU
		{B6EDA4FA-B36C-49B3-8363-3471ACD11439}.Debug|Any CPU.Build.0 = Debug|Any CPU
		{B6EDA4FA-B36C-49B3-8363-3471ACD11439}.Release|Any CPU.ActiveCfg = Release|Any CPU
		{B6EDA4FA-B36C-49B3-8363-3471ACD11439}.Release|Any CPU.Build.0 = Release|Any CPU
		{C82698F7-8704-4875-8DED-10B1C802FCE1}.Debug|Any CPU.ActiveCfg = Debug|Any CPU
		{C82698F7-8704-4875-8DED-10B1C802FCE1}.Debug|Any CPU.Build.0 = Debug|Any CPU
		{C82698F7-8704-4875-8DED-10B1C802FCE1}.Release|Any CPU.ActiveCfg = Release|Any CPU
		{C82698F7-8704-4875-8DED-10B1C802FCE1}.Release|Any CPU.Build.0 = Release|Any CPU
		{DF0A3711-A2F4-469E-904B-1F879F333570}.Debug|Any CPU.ActiveCfg = Debug|Any CPU
		{DF0A3711-A2F4-469E-904B-1F879F333570}.Debug|Any CPU.Build.0 = Debug|Any CPU
		{DF0A3711-A2F4-469E-904B-1F879F333570}.Release|Any CPU.ActiveCfg = Release|Any CPU
		{DF0A3711-A2F4-469E-904B-1F879F333570}.Release|Any CPU.Build.0 = Release|Any CPU
		{BC831C6E-865F-489D-BF43-2420D567E3B2}.Debug|Any CPU.ActiveCfg = Debug|Any CPU
		{BC831C6E-865F-489D-BF43-2420D567E3B2}.Debug|Any CPU.Build.0 = Debug|Any CPU
		{BC831C6E-865F-489D-BF43-2420D567E3B2}.Release|Any CPU.ActiveCfg = Release|Any CPU
		{BC831C6E-865F-489D-BF43-2420D567E3B2}.Release|Any CPU.Build.0 = Release|Any CPU
		{C0EF1537-C622-461C-87AE-0EB5EE2D410D}.Debug|Any CPU.ActiveCfg = Debug|Any CPU
		{C0EF1537-C622-461C-87AE-0EB5EE2D410D}.Debug|Any CPU.Build.0 = Debug|Any CPU
		{C0EF1537-C622-461C-87AE-0EB5EE2D410D}.Release|Any CPU.ActiveCfg = Release|Any CPU
		{C0EF1537-C622-461C-87AE-0EB5EE2D410D}.Release|Any CPU.Build.0 = Release|Any CPU
		{66B112BB-DBEB-4724-99C6-AAE4A2ED697F}.Debug|Any CPU.ActiveCfg = Debug|Any CPU
		{66B112BB-DBEB-4724-99C6-AAE4A2ED697F}.Debug|Any CPU.Build.0 = Debug|Any CPU
		{66B112BB-DBEB-4724-99C6-AAE4A2ED697F}.Release|Any CPU.ActiveCfg = Release|Any CPU
		{66B112BB-DBEB-4724-99C6-AAE4A2ED697F}.Release|Any CPU.Build.0 = Release|Any CPU
		{A6A4EA27-F3C6-417B-858E-C51194309907}.Debug|Any CPU.ActiveCfg = Debug|Any CPU
		{A6A4EA27-F3C6-417B-858E-C51194309907}.Debug|Any CPU.Build.0 = Debug|Any CPU
		{A6A4EA27-F3C6-417B-858E-C51194309907}.Release|Any CPU.ActiveCfg = Release|Any CPU
		{A6A4EA27-F3C6-417B-858E-C51194309907}.Release|Any CPU.Build.0 = Release|Any CPU
		{EEFAF6EE-7E18-4D83-8CEB-A72E7BDF624B}.Debug|Any CPU.ActiveCfg = Debug|Any CPU
		{EEFAF6EE-7E18-4D83-8CEB-A72E7BDF624B}.Debug|Any CPU.Build.0 = Debug|Any CPU
		{EEFAF6EE-7E18-4D83-8CEB-A72E7BDF624B}.Release|Any CPU.ActiveCfg = Release|Any CPU
		{EEFAF6EE-7E18-4D83-8CEB-A72E7BDF624B}.Release|Any CPU.Build.0 = Release|Any CPU
		{1F1620F1-EE36-46A5-8D8D-C2EB18020E59}.Debug|Any CPU.ActiveCfg = Debug|Any CPU
		{1F1620F1-EE36-46A5-8D8D-C2EB18020E59}.Debug|Any CPU.Build.0 = Debug|Any CPU
		{1F1620F1-EE36-46A5-8D8D-C2EB18020E59}.Release|Any CPU.ActiveCfg = Release|Any CPU
		{1F1620F1-EE36-46A5-8D8D-C2EB18020E59}.Release|Any CPU.Build.0 = Release|Any CPU
		{782735FC-8C43-4FE8-98E1-3813A19BD59B}.Debug|Any CPU.ActiveCfg = Debug|Any CPU
		{782735FC-8C43-4FE8-98E1-3813A19BD59B}.Debug|Any CPU.Build.0 = Debug|Any CPU
		{782735FC-8C43-4FE8-98E1-3813A19BD59B}.Release|Any CPU.ActiveCfg = Release|Any CPU
		{782735FC-8C43-4FE8-98E1-3813A19BD59B}.Release|Any CPU.Build.0 = Release|Any CPU
		{DA55DA42-2428-472C-A8B5-6D59CF72EA59}.Debug|Any CPU.ActiveCfg = Debug|Any CPU
		{DA55DA42-2428-472C-A8B5-6D59CF72EA59}.Debug|Any CPU.Build.0 = Debug|Any CPU
		{DA55DA42-2428-472C-A8B5-6D59CF72EA59}.Release|Any CPU.ActiveCfg = Release|Any CPU
		{DA55DA42-2428-472C-A8B5-6D59CF72EA59}.Release|Any CPU.Build.0 = Release|Any CPU
		{FD1F1EE2-AEBF-4B9A-B192-46507D7E45EE}.Debug|Any CPU.ActiveCfg = Debug|Any CPU
		{FD1F1EE2-AEBF-4B9A-B192-46507D7E45EE}.Debug|Any CPU.Build.0 = Debug|Any CPU
		{FD1F1EE2-AEBF-4B9A-B192-46507D7E45EE}.Release|Any CPU.ActiveCfg = Release|Any CPU
		{FD1F1EE2-AEBF-4B9A-B192-46507D7E45EE}.Release|Any CPU.Build.0 = Release|Any CPU
		{4A81CFAD-B3A2-4AC0-AAAB-A3DFB446FD5C}.Debug|Any CPU.ActiveCfg = Debug|Any CPU
		{4A81CFAD-B3A2-4AC0-AAAB-A3DFB446FD5C}.Debug|Any CPU.Build.0 = Debug|Any CPU
		{4A81CFAD-B3A2-4AC0-AAAB-A3DFB446FD5C}.Release|Any CPU.ActiveCfg = Release|Any CPU
		{4A81CFAD-B3A2-4AC0-AAAB-A3DFB446FD5C}.Release|Any CPU.Build.0 = Release|Any CPU
		{3C1FA1D7-EE5C-47AC-9321-FC57B5B4D87A}.Debug|Any CPU.ActiveCfg = Debug|Any CPU
		{3C1FA1D7-EE5C-47AC-9321-FC57B5B4D87A}.Debug|Any CPU.Build.0 = Debug|Any CPU
		{3C1FA1D7-EE5C-47AC-9321-FC57B5B4D87A}.Release|Any CPU.ActiveCfg = Release|Any CPU
		{3C1FA1D7-EE5C-47AC-9321-FC57B5B4D87A}.Release|Any CPU.Build.0 = Release|Any CPU
		{BC86C43C-5647-45A1-9757-014F3A5B748B}.Debug|Any CPU.ActiveCfg = Debug|Any CPU
		{BC86C43C-5647-45A1-9757-014F3A5B748B}.Debug|Any CPU.Build.0 = Debug|Any CPU
		{BC86C43C-5647-45A1-9757-014F3A5B748B}.Release|Any CPU.ActiveCfg = Release|Any CPU
		{BC86C43C-5647-45A1-9757-014F3A5B748B}.Release|Any CPU.Build.0 = Release|Any CPU
		{B6EA04FA-4F73-4093-A179-250B1C06BBB9}.Debug|Any CPU.ActiveCfg = Debug|Any CPU
		{B6EA04FA-4F73-4093-A179-250B1C06BBB9}.Debug|Any CPU.Build.0 = Debug|Any CPU
		{B6EA04FA-4F73-4093-A179-250B1C06BBB9}.Release|Any CPU.ActiveCfg = Release|Any CPU
		{B6EA04FA-4F73-4093-A179-250B1C06BBB9}.Release|Any CPU.Build.0 = Release|Any CPU
		{8F9E37FB-F730-44BD-B8B8-DA58A3828355}.Debug|Any CPU.ActiveCfg = Debug|Any CPU
		{8F9E37FB-F730-44BD-B8B8-DA58A3828355}.Debug|Any CPU.Build.0 = Debug|Any CPU
		{8F9E37FB-F730-44BD-B8B8-DA58A3828355}.Release|Any CPU.ActiveCfg = Release|Any CPU
		{8F9E37FB-F730-44BD-B8B8-DA58A3828355}.Release|Any CPU.Build.0 = Release|Any CPU
		{968CE208-9E3B-451E-B62E-37D622BDA137}.Debug|Any CPU.ActiveCfg = Debug|Any CPU
		{968CE208-9E3B-451E-B62E-37D622BDA137}.Debug|Any CPU.Build.0 = Debug|Any CPU
		{968CE208-9E3B-451E-B62E-37D622BDA137}.Release|Any CPU.ActiveCfg = Release|Any CPU
		{968CE208-9E3B-451E-B62E-37D622BDA137}.Release|Any CPU.Build.0 = Release|Any CPU
		{932E1AE1-1CE6-410C-8DFF-D9EA132F3F5C}.Debug|Any CPU.ActiveCfg = Debug|Any CPU
		{932E1AE1-1CE6-410C-8DFF-D9EA132F3F5C}.Debug|Any CPU.Build.0 = Debug|Any CPU
		{932E1AE1-1CE6-410C-8DFF-D9EA132F3F5C}.Release|Any CPU.ActiveCfg = Release|Any CPU
		{932E1AE1-1CE6-410C-8DFF-D9EA132F3F5C}.Release|Any CPU.Build.0 = Release|Any CPU
		{1BBB92D7-7142-4974-9C9F-C3AEF37FD52E}.Debug|Any CPU.ActiveCfg = Debug|Any CPU
		{1BBB92D7-7142-4974-9C9F-C3AEF37FD52E}.Debug|Any CPU.Build.0 = Debug|Any CPU
		{1BBB92D7-7142-4974-9C9F-C3AEF37FD52E}.Release|Any CPU.ActiveCfg = Release|Any CPU
		{1BBB92D7-7142-4974-9C9F-C3AEF37FD52E}.Release|Any CPU.Build.0 = Release|Any CPU
		{4BEE862E-E8A0-4A65-A9DD-5A92F940BBB1}.Debug|Any CPU.ActiveCfg = Debug|Any CPU
		{4BEE862E-E8A0-4A65-A9DD-5A92F940BBB1}.Debug|Any CPU.Build.0 = Debug|Any CPU
		{4BEE862E-E8A0-4A65-A9DD-5A92F940BBB1}.Release|Any CPU.ActiveCfg = Release|Any CPU
		{4BEE862E-E8A0-4A65-A9DD-5A92F940BBB1}.Release|Any CPU.Build.0 = Release|Any CPU
		{F93A5D92-FB9E-42B0-8A10-21D6D9C4E5ED}.Debug|Any CPU.ActiveCfg = Debug|Any CPU
		{F93A5D92-FB9E-42B0-8A10-21D6D9C4E5ED}.Debug|Any CPU.Build.0 = Debug|Any CPU
		{F93A5D92-FB9E-42B0-8A10-21D6D9C4E5ED}.Release|Any CPU.ActiveCfg = Release|Any CPU
		{F93A5D92-FB9E-42B0-8A10-21D6D9C4E5ED}.Release|Any CPU.Build.0 = Release|Any CPU
		{FD31B43B-EB7F-4DD5-91A5-A52483549CBA}.Debug|Any CPU.ActiveCfg = Debug|Any CPU
		{FD31B43B-EB7F-4DD5-91A5-A52483549CBA}.Debug|Any CPU.Build.0 = Debug|Any CPU
		{FD31B43B-EB7F-4DD5-91A5-A52483549CBA}.Release|Any CPU.ActiveCfg = Release|Any CPU
		{FD31B43B-EB7F-4DD5-91A5-A52483549CBA}.Release|Any CPU.Build.0 = Release|Any CPU
	EndGlobalSection
	GlobalSection(SolutionProperties) = preSolution
		HideSolutionNode = FALSE
	EndGlobalSection
	GlobalSection(NestedProjects) = preSolution
		{60D03F91-6D26-40BE-AECE-6EE29A4971B9} = {79F68413-3540-4D51-9206-8646A08E74BE}
		{EDD10B57-7505-4AC2-AEA3-FA4DC69D6544} = {79F68413-3540-4D51-9206-8646A08E74BE}
		{8E00F1DD-19DA-47E0-BA2F-5E5764FE8377} = {79F68413-3540-4D51-9206-8646A08E74BE}
		{C94D1892-E1F6-431A-81C7-49E40DAE0D48} = {79F68413-3540-4D51-9206-8646A08E74BE}
		{2DD27BB9-154A-41EF-A27D-A99DDE6760CC} = {79F68413-3540-4D51-9206-8646A08E74BE}
		{E2F444AB-DCBC-4436-98FE-59C3891F1917} = {79F68413-3540-4D51-9206-8646A08E74BE}
		{642E9DE0-BA97-49E5-AD27-4816ED51F1DB} = {79F68413-3540-4D51-9206-8646A08E74BE}
		{B1FADF0F-0F97-4903-AEF1-653A0FE3CF81} = {79F68413-3540-4D51-9206-8646A08E74BE}
		{0353CCA5-BD50-43BD-B2DF-3B84C6DBBA54} = {79F68413-3540-4D51-9206-8646A08E74BE}
		{2555712F-000F-4660-BCEF-3864A5BC3485} = {79F68413-3540-4D51-9206-8646A08E74BE}
		{38C04B27-037A-4EA5-84C1-CDCCA66CD957} = {79F68413-3540-4D51-9206-8646A08E74BE}
		{3BAA50D1-265C-4069-8A68-387E6DE84CB9} = {79F68413-3540-4D51-9206-8646A08E74BE}
		{1E474265-BFAE-4A0C-B216-B5BF32455B4D} = {79F68413-3540-4D51-9206-8646A08E74BE}
		{374B052F-CC94-4438-A23E-D027EC103163} = {79F68413-3540-4D51-9206-8646A08E74BE}
		{6FECB3D6-04AB-4DB7-B214-619B4FE75329} = {79F68413-3540-4D51-9206-8646A08E74BE}
		{93BFC73C-9586-475F-B680-494F470B6940} = {79F68413-3540-4D51-9206-8646A08E74BE}
		{276EA9DE-153D-46B1-B169-3D02ED84C78D} = {79F68413-3540-4D51-9206-8646A08E74BE}
		{EEE90AF3-857D-4FB1-B79D-D70BBAC09E7C} = {79F68413-3540-4D51-9206-8646A08E74BE}
		{509813F6-02AB-4B96-8126-1FF16B0AEA41} = {79F68413-3540-4D51-9206-8646A08E74BE}
		{148BB006-7FCE-4E37-8C3C-3B8B050FC9D7} = {77CD8DC9-7D97-460E-B871-FF9253C51187}
		{B015C8A1-0A2D-4BA9-92A6-4670E8B26DBC} = {77CD8DC9-7D97-460E-B871-FF9253C51187}
		{95CEAD32-DE93-4D31-AEC9-05DC4B655189} = {77CD8DC9-7D97-460E-B871-FF9253C51187}
		{30E7110A-99CE-43DD-8445-460CA916B8C1} = {77CD8DC9-7D97-460E-B871-FF9253C51187}
		{7BDA4004-1225-4B45-9615-4AADA5DA57BC} = {77CD8DC9-7D97-460E-B871-FF9253C51187}
		{AE8F5BEE-A541-41F9-99AD-CD1262E34232} = {77CD8DC9-7D97-460E-B871-FF9253C51187}
		{92223912-8D2F-466D-B65E-F2066E970400} = {77CD8DC9-7D97-460E-B871-FF9253C51187}
		{589F3AC1-331B-4167-8D0B-843C5E6139BA} = {77CD8DC9-7D97-460E-B871-FF9253C51187}
		{23316D8F-6769-43DC-B115-FB2E1BCC3623} = {77CD8DC9-7D97-460E-B871-FF9253C51187}
		{6E740C99-3E6B-417B-89F2-DC76B9942FF4} = {77CD8DC9-7D97-460E-B871-FF9253C51187}
		{AFF7A858-58CF-46B0-B304-EDC3F185B5F8} = {77CD8DC9-7D97-460E-B871-FF9253C51187}
		{00D6E76D-9BFA-4C1A-A4B2-FD98F07BB10F} = {79F68413-3540-4D51-9206-8646A08E74BE}
		{3CE53C80-DDAA-45F2-A370-7D6CF82678E3} = {77CD8DC9-7D97-460E-B871-FF9253C51187}
		{0DCBD5C8-35AC-416C-8CE5-5D2753E1B4A0} = {77CD8DC9-7D97-460E-B871-FF9253C51187}
		{EB2A660F-7302-4010-AF07-7640CD67DAA7} = {77CD8DC9-7D97-460E-B871-FF9253C51187}
		{F1C3E22E-8A42-44BA-8085-8A8E68544D74} = {77CD8DC9-7D97-460E-B871-FF9253C51187}
		{364DD87B-2DF8-4657-A25B-C9230688B7C1} = {77CD8DC9-7D97-460E-B871-FF9253C51187}
		{85DA132B-F61E-4F5E-A699-9A9A58F7F2DE} = {77CD8DC9-7D97-460E-B871-FF9253C51187}
		{75E0616D-9BF2-4EE3-BB23-58F28992D8D3} = {77CD8DC9-7D97-460E-B871-FF9253C51187}
		{D6E873DC-B47A-42B4-BC40-BB7BFF5137EE} = {77CD8DC9-7D97-460E-B871-FF9253C51187}
		{824FC6F2-5502-4F97-B095-631674A1B035} = {77CD8DC9-7D97-460E-B871-FF9253C51187}
		{651902E7-A751-4CF9-9935-03F0B22FE56A} = {77CD8DC9-7D97-460E-B871-FF9253C51187}
		{5F811FCC-78BF-456F-B1CB-CA4B5DBDE5E8} = {77CD8DC9-7D97-460E-B871-FF9253C51187}
		{C1838722-DE0F-4D5D-8606-2B4F87760563} = {77CD8DC9-7D97-460E-B871-FF9253C51187}
		{280BC03C-0A67-4AB4-AD26-23950F815E84} = {C7CD0869-2307-4A0B-8AC8-46BFE0173390}
		{050931E8-009A-4457-BCE1-55501DD61F05} = {C7CD0869-2307-4A0B-8AC8-46BFE0173390}
		{2245E11F-4B38-4C9B-AD66-19046C875BA3} = {C7CD0869-2307-4A0B-8AC8-46BFE0173390}
		{BB90CC6A-EBBE-4D2A-808F-5A7BB4EBEB4B} = {C7CD0869-2307-4A0B-8AC8-46BFE0173390}
		{98171F3F-5DA3-43CA-9E78-1EF1D60DB653} = {C7CD0869-2307-4A0B-8AC8-46BFE0173390}
		{45D02124-4CD8-4DA9-9BC1-759B7E9EA3A5} = {C7CD0869-2307-4A0B-8AC8-46BFE0173390}
		{3FB56610-0E64-4D6F-9608-948C91B93BA3} = {C7CD0869-2307-4A0B-8AC8-46BFE0173390}
		{FFC3ED4A-E1EB-4B67-91D4-A46725DD97F2} = {C7CD0869-2307-4A0B-8AC8-46BFE0173390}
		{8414C2A6-6D2B-465A-AF97-6F542C69266C} = {C7CD0869-2307-4A0B-8AC8-46BFE0173390}
		{BCA07C77-5FC3-4F52-ABFD-F5CBA1E5A6F8} = {C7CD0869-2307-4A0B-8AC8-46BFE0173390}
		{B6EDA4FA-B36C-49B3-8363-3471ACD11439} = {C7CD0869-2307-4A0B-8AC8-46BFE0173390}
		{C82698F7-8704-4875-8DED-10B1C802FCE1} = {C7CD0869-2307-4A0B-8AC8-46BFE0173390}
		{DF0A3711-A2F4-469E-904B-1F879F333570} = {C7CD0869-2307-4A0B-8AC8-46BFE0173390}
		{BC831C6E-865F-489D-BF43-2420D567E3B2} = {C7CD0869-2307-4A0B-8AC8-46BFE0173390}
		{C0EF1537-C622-461C-87AE-0EB5EE2D410D} = {C7CD0869-2307-4A0B-8AC8-46BFE0173390}
		{66B112BB-DBEB-4724-99C6-AAE4A2ED697F} = {C7CD0869-2307-4A0B-8AC8-46BFE0173390}
		{A6A4EA27-F3C6-417B-858E-C51194309907} = {C7CD0869-2307-4A0B-8AC8-46BFE0173390}
		{EEFAF6EE-7E18-4D83-8CEB-A72E7BDF624B} = {C7CD0869-2307-4A0B-8AC8-46BFE0173390}
		{1F1620F1-EE36-46A5-8D8D-C2EB18020E59} = {C7CD0869-2307-4A0B-8AC8-46BFE0173390}
		{782735FC-8C43-4FE8-98E1-3813A19BD59B} = {C7CD0869-2307-4A0B-8AC8-46BFE0173390}
		{DA55DA42-2428-472C-A8B5-6D59CF72EA59} = {C7CD0869-2307-4A0B-8AC8-46BFE0173390}
		{FD1F1EE2-AEBF-4B9A-B192-46507D7E45EE} = {C7CD0869-2307-4A0B-8AC8-46BFE0173390}
		{4A81CFAD-B3A2-4AC0-AAAB-A3DFB446FD5C} = {C7CD0869-2307-4A0B-8AC8-46BFE0173390}
		{3C1FA1D7-EE5C-47AC-9321-FC57B5B4D87A} = {C7CD0869-2307-4A0B-8AC8-46BFE0173390}
		{BC86C43C-5647-45A1-9757-014F3A5B748B} = {C7CD0869-2307-4A0B-8AC8-46BFE0173390}
		{B6EA04FA-4F73-4093-A179-250B1C06BBB9} = {C7CD0869-2307-4A0B-8AC8-46BFE0173390}
		{8F9E37FB-F730-44BD-B8B8-DA58A3828355} = {C7CD0869-2307-4A0B-8AC8-46BFE0173390}
		{968CE208-9E3B-451E-B62E-37D622BDA137} = {C7CD0869-2307-4A0B-8AC8-46BFE0173390}
		{932E1AE1-1CE6-410C-8DFF-D9EA132F3F5C} = {C7CD0869-2307-4A0B-8AC8-46BFE0173390}
		{1BBB92D7-7142-4974-9C9F-C3AEF37FD52E} = {C7CD0869-2307-4A0B-8AC8-46BFE0173390}
		{4BEE862E-E8A0-4A65-A9DD-5A92F940BBB1} = {8FCF3048-182F-4EE5-A39D-CCCB462DE997}
		{F93A5D92-FB9E-42B0-8A10-21D6D9C4E5ED} = {8FCF3048-182F-4EE5-A39D-CCCB462DE997}
		{FD31B43B-EB7F-4DD5-91A5-A52483549CBA} = {C7CD0869-2307-4A0B-8AC8-46BFE0173390}
	EndGlobalSection
	GlobalSection(ExtensibilityGlobals) = postSolution
		SolutionGuid = {FA869DF6-316D-4035-9961-5E2345583F1E}
	EndGlobalSection
EndGlobal
